version = 1
requires-python = ">=3.9"

[[package]]
name = "numpy"
version = "1.26.4"
source = { registry = "https://pypi.org/simple" }
sdist = { url = "https://files.pythonhosted.org/packages/65/6e/09db70a523a96d25e115e71cc56a6f9031e7b8cd166c1ac8438307c14058/numpy-1.26.4.tar.gz", hash = "sha256:2a02aba9ed12e4ac4eb3ea9421c420301a0c6460d9830d74a9df87efa4912010", size = 15786129 }
wheels = [
    { url = "https://files.pythonhosted.org/packages/a7/94/ace0fdea5241a27d13543ee117cbc65868e82213fb31a8eb7fe9ff23f313/numpy-1.26.4-cp310-cp310-macosx_10_9_x86_64.whl", hash = "sha256:9ff0f4f29c51e2803569d7a51c2304de5554655a60c5d776e35b4a41413830d0", size = 20631468 },
    { url = "https://files.pythonhosted.org/packages/20/f7/b24208eba89f9d1b58c1668bc6c8c4fd472b20c45573cb767f59d49fb0f6/numpy-1.26.4-cp310-cp310-macosx_11_0_arm64.whl", hash = "sha256:2e4ee3380d6de9c9ec04745830fd9e2eccb3e6cf790d39d7b98ffd19b0dd754a", size = 13966411 },
    { url = "https://files.pythonhosted.org/packages/fc/a5/4beee6488160798683eed5bdb7eead455892c3b4e1f78d79d8d3f3b084ac/numpy-1.26.4-cp310-cp310-manylinux_2_17_aarch64.manylinux2014_aarch64.whl", hash = "sha256:d209d8969599b27ad20994c8e41936ee0964e6da07478d6c35016bc386b66ad4", size = 14219016 },
    { url = "https://files.pythonhosted.org/packages/4b/d7/ecf66c1cd12dc28b4040b15ab4d17b773b87fa9d29ca16125de01adb36cd/numpy-1.26.4-cp310-cp310-manylinux_2_17_x86_64.manylinux2014_x86_64.whl", hash = "sha256:ffa75af20b44f8dba823498024771d5ac50620e6915abac414251bd971b4529f", size = 18240889 },
    { url = "https://files.pythonhosted.org/packages/24/03/6f229fe3187546435c4f6f89f6d26c129d4f5bed40552899fcf1f0bf9e50/numpy-1.26.4-cp310-cp310-musllinux_1_1_aarch64.whl", hash = "sha256:62b8e4b1e28009ef2846b4c7852046736bab361f7aeadeb6a5b89ebec3c7055a", size = 13876746 },
    { url = "https://files.pythonhosted.org/packages/39/fe/39ada9b094f01f5a35486577c848fe274e374bbf8d8f472e1423a0bbd26d/numpy-1.26.4-cp310-cp310-musllinux_1_1_x86_64.whl", hash = "sha256:a4abb4f9001ad2858e7ac189089c42178fcce737e4169dc61321660f1a96c7d2", size = 18078620 },
    { url = "https://files.pythonhosted.org/packages/d5/ef/6ad11d51197aad206a9ad2286dc1aac6a378059e06e8cf22cd08ed4f20dc/numpy-1.26.4-cp310-cp310-win32.whl", hash = "sha256:bfe25acf8b437eb2a8b2d49d443800a5f18508cd811fea3181723922a8a82b07", size = 5972659 },
    { url = "https://files.pythonhosted.org/packages/19/77/538f202862b9183f54108557bfda67e17603fc560c384559e769321c9d92/numpy-1.26.4-cp310-cp310-win_amd64.whl", hash = "sha256:b97fe8060236edf3662adfc2c633f56a08ae30560c56310562cb4f95500022d5", size = 15808905 },
    { url = "https://files.pythonhosted.org/packages/11/57/baae43d14fe163fa0e4c47f307b6b2511ab8d7d30177c491960504252053/numpy-1.26.4-cp311-cp311-macosx_10_9_x86_64.whl", hash = "sha256:4c66707fabe114439db9068ee468c26bbdf909cac0fb58686a42a24de1760c71", size = 20630554 },
    { url = "https://files.pythonhosted.org/packages/1a/2e/151484f49fd03944c4a3ad9c418ed193cfd02724e138ac8a9505d056c582/numpy-1.26.4-cp311-cp311-macosx_11_0_arm64.whl", hash = "sha256:edd8b5fe47dab091176d21bb6de568acdd906d1887a4584a15a9a96a1dca06ef", size = 13997127 },
    { url = "https://files.pythonhosted.org/packages/79/ae/7e5b85136806f9dadf4878bf73cf223fe5c2636818ba3ab1c585d0403164/numpy-1.26.4-cp311-cp311-manylinux_2_17_aarch64.manylinux2014_aarch64.whl", hash = "sha256:7ab55401287bfec946ced39700c053796e7cc0e3acbef09993a9ad2adba6ca6e", size = 14222994 },
    { url = "https://files.pythonhosted.org/packages/3a/d0/edc009c27b406c4f9cbc79274d6e46d634d139075492ad055e3d68445925/numpy-1.26.4-cp311-cp311-manylinux_2_17_x86_64.manylinux2014_x86_64.whl", hash = "sha256:666dbfb6ec68962c033a450943ded891bed2d54e6755e35e5835d63f4f6931d5", size = 18252005 },
    { url = "https://files.pythonhosted.org/packages/09/bf/2b1aaf8f525f2923ff6cfcf134ae5e750e279ac65ebf386c75a0cf6da06a/numpy-1.26.4-cp311-cp311-musllinux_1_1_aarch64.whl", hash = "sha256:96ff0b2ad353d8f990b63294c8986f1ec3cb19d749234014f4e7eb0112ceba5a", size = 13885297 },
    { url = "https://files.pythonhosted.org/packages/df/a0/4e0f14d847cfc2a633a1c8621d00724f3206cfeddeb66d35698c4e2cf3d2/numpy-1.26.4-cp311-cp311-musllinux_1_1_x86_64.whl", hash = "sha256:60dedbb91afcbfdc9bc0b1f3f402804070deed7392c23eb7a7f07fa857868e8a", size = 18093567 },
    { url = "https://files.pythonhosted.org/packages/d2/b7/a734c733286e10a7f1a8ad1ae8c90f2d33bf604a96548e0a4a3a6739b468/numpy-1.26.4-cp311-cp311-win32.whl", hash = "sha256:1af303d6b2210eb850fcf03064d364652b7120803a0b872f5211f5234b399f20", size = 5968812 },
    { url = "https://files.pythonhosted.org/packages/3f/6b/5610004206cf7f8e7ad91c5a85a8c71b2f2f8051a0c0c4d5916b76d6cbb2/numpy-1.26.4-cp311-cp311-win_amd64.whl", hash = "sha256:cd25bcecc4974d09257ffcd1f098ee778f7834c3ad767fe5db785be9a4aa9cb2", size = 15811913 },
    { url = "https://files.pythonhosted.org/packages/95/12/8f2020a8e8b8383ac0177dc9570aad031a3beb12e38847f7129bacd96228/numpy-1.26.4-cp312-cp312-macosx_10_9_x86_64.whl", hash = "sha256:b3ce300f3644fb06443ee2222c2201dd3a89ea6040541412b8fa189341847218", size = 20335901 },
    { url = "https://files.pythonhosted.org/packages/75/5b/ca6c8bd14007e5ca171c7c03102d17b4f4e0ceb53957e8c44343a9546dcc/numpy-1.26.4-cp312-cp312-macosx_11_0_arm64.whl", hash = "sha256:03a8c78d01d9781b28a6989f6fa1bb2c4f2d51201cf99d3dd875df6fbd96b23b", size = 13685868 },
    { url = "https://files.pythonhosted.org/packages/79/f8/97f10e6755e2a7d027ca783f63044d5b1bc1ae7acb12afe6a9b4286eac17/numpy-1.26.4-cp312-cp312-manylinux_2_17_aarch64.manylinux2014_aarch64.whl", hash = "sha256:9fad7dcb1aac3c7f0584a5a8133e3a43eeb2fe127f47e3632d43d677c66c102b", size = 13925109 },
    { url = "https://files.pythonhosted.org/packages/0f/50/de23fde84e45f5c4fda2488c759b69990fd4512387a8632860f3ac9cd225/numpy-1.26.4-cp312-cp312-manylinux_2_17_x86_64.manylinux2014_x86_64.whl", hash = "sha256:675d61ffbfa78604709862923189bad94014bef562cc35cf61d3a07bba02a7ed", size = 17950613 },
    { url = "https://files.pythonhosted.org/packages/4c/0c/9c603826b6465e82591e05ca230dfc13376da512b25ccd0894709b054ed0/numpy-1.26.4-cp312-cp312-musllinux_1_1_aarch64.whl", hash = "sha256:ab47dbe5cc8210f55aa58e4805fe224dac469cde56b9f731a4c098b91917159a", size = 13572172 },
    { url = "https://files.pythonhosted.org/packages/76/8c/2ba3902e1a0fc1c74962ea9bb33a534bb05984ad7ff9515bf8d07527cadd/numpy-1.26.4-cp312-cp312-musllinux_1_1_x86_64.whl", hash = "sha256:1dda2e7b4ec9dd512f84935c5f126c8bd8b9f2fc001e9f54af255e8c5f16b0e0", size = 17786643 },
    { url = "https://files.pythonhosted.org/packages/28/4a/46d9e65106879492374999e76eb85f87b15328e06bd1550668f79f7b18c6/numpy-1.26.4-cp312-cp312-win32.whl", hash = "sha256:50193e430acfc1346175fcbdaa28ffec49947a06918b7b92130744e81e640110", size = 5677803 },
    { url = "https://files.pythonhosted.org/packages/16/2e/86f24451c2d530c88daf997cb8d6ac622c1d40d19f5a031ed68a4b73a374/numpy-1.26.4-cp312-cp312-win_amd64.whl", hash = "sha256:08beddf13648eb95f8d867350f6a018a4be2e5ad54c8d8caed89ebca558b2818", size = 15517754 },
    { url = "https://files.pythonhosted.org/packages/7d/24/ce71dc08f06534269f66e73c04f5709ee024a1afe92a7b6e1d73f158e1f8/numpy-1.26.4-cp39-cp39-macosx_10_9_x86_64.whl", hash = "sha256:7349ab0fa0c429c82442a27a9673fc802ffdb7c7775fad780226cb234965e53c", size = 20636301 },
    { url = "https://files.pythonhosted.org/packages/ae/8c/ab03a7c25741f9ebc92684a20125fbc9fc1b8e1e700beb9197d750fdff88/numpy-1.26.4-cp39-cp39-macosx_11_0_arm64.whl", hash = "sha256:52b8b60467cd7dd1e9ed082188b4e6bb35aa5cdd01777621a1658910745b90be", size = 13971216 },
    { url = "https://files.pythonhosted.org/packages/6d/64/c3bcdf822269421d85fe0d64ba972003f9bb4aa9a419da64b86856c9961f/numpy-1.26.4-cp39-cp39-manylinux_2_17_aarch64.manylinux2014_aarch64.whl", hash = "sha256:d5241e0a80d808d70546c697135da2c613f30e28251ff8307eb72ba696945764", size = 14226281 },
    { url = "https://files.pythonhosted.org/packages/54/30/c2a907b9443cf42b90c17ad10c1e8fa801975f01cb9764f3f8eb8aea638b/numpy-1.26.4-cp39-cp39-manylinux_2_17_x86_64.manylinux2014_x86_64.whl", hash = "sha256:f870204a840a60da0b12273ef34f7051e98c3b5961b61b0c2c1be6dfd64fbcd3", size = 18249516 },
    { url = "https://files.pythonhosted.org/packages/43/12/01a563fc44c07095996d0129b8899daf89e4742146f7044cdbdb3101c57f/numpy-1.26.4-cp39-cp39-musllinux_1_1_aarch64.whl", hash = "sha256:679b0076f67ecc0138fd2ede3a8fd196dddc2ad3254069bcb9faf9a79b1cebcd", size = 13882132 },
    { url = "https://files.pythonhosted.org/packages/16/ee/9df80b06680aaa23fc6c31211387e0db349e0e36d6a63ba3bd78c5acdf11/numpy-1.26.4-cp39-cp39-musllinux_1_1_x86_64.whl", hash = "sha256:47711010ad8555514b434df65f7d7b076bb8261df1ca9bb78f53d3b2db02e95c", size = 18084181 },
    { url = "https://files.pythonhosted.org/packages/28/7d/4b92e2fe20b214ffca36107f1a3e75ef4c488430e64de2d9af5db3a4637d/numpy-1.26.4-cp39-cp39-win32.whl", hash = "sha256:a354325ee03388678242a4d7ebcd08b5c727033fcff3b2f536aea978e15ee9e6", size = 5976360 },
    { url = "https://files.pythonhosted.org/packages/b5/42/054082bd8220bbf6f297f982f0a8f5479fcbc55c8b511d928df07b965869/numpy-1.26.4-cp39-cp39-win_amd64.whl", hash = "sha256:3373d5d70a5fe74a2c1bb6d2cfd9609ecf686d47a2d7b1d37a8f3b6bf6003aea", size = 15814633 },
    { url = "https://files.pythonhosted.org/packages/3f/72/3df6c1c06fc83d9cfe381cccb4be2532bbd38bf93fbc9fad087b6687f1c0/numpy-1.26.4-pp39-pypy39_pp73-macosx_10_9_x86_64.whl", hash = "sha256:afedb719a9dcfc7eaf2287b839d8198e06dcd4cb5d276a3df279231138e83d30", size = 20455961 },
    { url = "https://files.pythonhosted.org/packages/8e/02/570545bac308b58ffb21adda0f4e220ba716fb658a63c151daecc3293350/numpy-1.26.4-pp39-pypy39_pp73-manylinux_2_17_x86_64.manylinux2014_x86_64.whl", hash = "sha256:95a7476c59002f2f6c590b9b7b998306fba6a5aa646b1e22ddfeaf8f78c3a29c", size = 18061071 },
    { url = "https://files.pythonhosted.org/packages/f4/5f/fafd8c51235f60d49f7a88e2275e13971e90555b67da52dd6416caec32fe/numpy-1.26.4-pp39-pypy39_pp73-win_amd64.whl", hash = "sha256:7e50d0a0cc3189f9cb0aeb3a6a6af18c16f59f004b866cd2be1c14b36134a4a0", size = 15709730 },
]

[[package]]
name = "pglive"
version = "0.8.0"
source = { registry = "https://pypi.org/simple" }
dependencies = [
    { name = "numpy" },
    { name = "pyqtgraph" },
]
sdist = { url = "https://files.pythonhosted.org/packages/80/34/f64cd4518129860713bb84a630d87f653a4e781da448f37fb671a9cfbe1d/pglive-0.8.0.tar.gz", hash = "sha256:d9a10237fdf396c611bfb25af0e96b9ea96aa920af274f12d9368c62830fb2df", size = 44571 }
wheels = [
    { url = "https://files.pythonhosted.org/packages/5b/cc/482da0d7190eec361bb3cbc43aca21d0413b75c8c76fba6add5ec5304eb0/pglive-0.8.0-py3-none-any.whl", hash = "sha256:83bbccf16cff531df86ff6bab8c118d73ad5594d537387ea83e9630b5616b562", size = 78253 },
]

[[package]]
name = "pgliveapp"
version = "0.1.0"
source = { editable = "." }
dependencies = [
    { name = "pglive" },
    { name = "pyqt6" },
]

[package.metadata]
requires-dist = [
    { name = "pglive", specifier = ">=0.8.0" },
    { name = "pyqt6", specifier = ">=6.8.0" },
]

[[package]]
name = "pyqt6"
version = "6.8.0"
source = { registry = "https://pypi.org/simple" }
dependencies = [
    { name = "pyqt6-qt6" },
    { name = "pyqt6-sip" },
]
sdist = { url = "https://files.pythonhosted.org/packages/e9/0a/accbebed526158ab2aedd5c84d238159754bd99f481082b3fe7f374c6a3b/PyQt6-6.8.0.tar.gz", hash = "sha256:6d8628de4c2a050f0b74462e4c9cb97f839bf6ffabbca91711722ffb281570d9", size = 1061357 }
wheels = [
    { url = "https://files.pythonhosted.org/packages/d6/ae/30f6f40c8cdf3d5319ec7add820c6edf96d8ed2461984fd548af9e2d9b51/PyQt6-6.8.0-cp39-abi3-macosx_10_14_universal2.whl", hash = "sha256:8c5c05f5fdff31a5887dbc29b27615b09df467631238d7b449283809ffca6228", size = 12104917 },
    { url = "https://files.pythonhosted.org/packages/b4/7a/a3ecac3327345dde8f34e781d6db1339e4e3b8411ac8ae9747822a0d44e9/PyQt6-6.8.0-cp39-abi3-manylinux_2_35_x86_64.whl", hash = "sha256:452bae5840077bf0f146c798d7777f70d7bdd0c7dcfa9ee7a415c1daf2d10038", size = 8322144 },
    { url = "https://files.pythonhosted.org/packages/d0/52/1e60e38d216c232af83ac16bedf1ece419812368220485fc25af80c7a5d7/PyQt6-6.8.0-cp39-abi3-manylinux_2_39_aarch64.whl", hash = "sha256:cf7123caea14e7ecf10bd12cae48e8d9970ef7caf627bc7d7988b0baa209adb3", size = 8101586 },
    { url = "https://files.pythonhosted.org/packages/eb/73/9bae1b8daedf2acff5a3668eae84783720ff513e402b0448a906ab3d5479/PyQt6-6.8.0-cp39-abi3-win_amd64.whl", hash = "sha256:a9913d479f1ffee804bf7f232079baea4fb4b221a8f4890117588917a54ea30d", size = 6661265 },
    { url = "https://files.pythonhosted.org/packages/23/a0/f564279285ed92b4fe38ed7b2a8fcddab414512391088b6a0f67a1107f24/PyQt6-6.8.0-cp39-abi3-win_arm64.whl", hash = "sha256:48bace7b87676bba5e6114482f3a20ca20be90c7f261b5d340464313f5f2bf5e", size = 5409032 },
]

[[package]]
name = "pyqt6-qt6"
version = "6.8.1"
source = { registry = "https://pypi.org/simple" }
wheels = [
    { url = "https://files.pythonhosted.org/packages/df/0a/c47a1cc272b418faff8af79b121f0cecd32b09d634253254e3a990432220/PyQt6_Qt6-6.8.1-py3-none-macosx_10_14_x86_64.whl", hash = "sha256:1eb8460a1fdb38d0b2458c2974c01d471c1e59e4eb19ea63fc447aaba3ad530e", size = 65754939 },
    { url = "https://files.pythonhosted.org/packages/b1/e6/cc4fbc97a7d0955185e33add3ce00480f0023424d17ac6f864a504f60251/PyQt6_Qt6-6.8.1-py3-none-macosx_11_0_arm64.whl", hash = "sha256:9f3790c4ce4dc576e48b8718d55fb8743057e6cbd53a6ca1dd253ffbac9b7287", size = 59956028 },
    { url = "https://files.pythonhosted.org/packages/a1/24/907c7451901e56e5b713d70c6f65191d80a3a3caac1095fea7f2a4b0b25b/PyQt6_Qt6-6.8.1-py3-none-manylinux_2_35_x86_64.whl", hash = "sha256:08065d595f1e6fc2dde9f4450eeff89082f4bad26f600a8e9b9cc5966716bfcf", size = 72573711 },
    { url = "https://files.pythonhosted.org/packages/2b/a8/d942bb9f83ad4abd4c296cd4bbf752d1147eaa14523cc132a2b8511a3960/PyQt6_Qt6-6.8.1-py3-none-manylinux_2_39_aarch64.whl", hash = "sha256:20843cb86bd94942d1cd99e39bf1aeabb875b241a35a8ab273e4bbbfa63776db", size = 71077917 },
    { url = "https://files.pythonhosted.org/packages/ab/2c/0d45a74ea8eedf5a2a5a2628396fb2e26107ae07f6c73d6d22c7fa3d4403/PyQt6_Qt6-6.8.1-py3-none-win_amd64.whl", hash = "sha256:006d786693d0511fbcf184a862edbd339c6ed1bb3bd9de363d73a19ed4b23dff", size = 71647964 },
    { url = "https://files.pythonhosted.org/packages/c9/0d/b86b64f0ac5e08b1bd18edac9e949897a4626196725e9a86af4e9f628c80/PyQt6_Qt6-6.8.1-py3-none-win_arm64.whl", hash = "sha256:a8bc2ed4ee5e7c6ff4dd1c7db0b27705d151fee5dc232bbd1bf17618f937f515", size = 47836492 },
]

[[package]]
name = "pyqt6-sip"
version = "13.9.1"
source = { registry = "https://pypi.org/simple" }
sdist = { url = "https://files.pythonhosted.org/packages/2a/e4/f39ca1fd6de7d4823d964a3ec33e85b6f51a9c2a7a1e95956b7a92c8acc9/pyqt6_sip-13.9.1.tar.gz", hash = "sha256:15be741d1ae8c82bb7afe9a61f3cf8c50457f7d61229a1c39c24cd6e8f4d86dc", size = 92358 }
wheels = [
    { url = "https://files.pythonhosted.org/packages/87/11/b662dbc75c575ba8b61a5ee7aa8315ee25803d478a832e4da176d93ee407/PyQt6_sip-13.9.1-cp310-cp310-macosx_10_9_universal2.whl", hash = "sha256:e996d320744ca8342cad6f9454345330d4f06bce129812d032bda3bad6967c5c", size = 110729 },
    { url = "https://files.pythonhosted.org/packages/19/56/d86d586b6b47aea373b80e50322cba79b3fb7e962a2e0c892af963f86983/PyQt6_sip-13.9.1-cp310-cp310-manylinux_2_17_aarch64.manylinux2014_aarch64.whl", hash = "sha256:2ab85aaf155828331399c59ebdd4d3b0358e42c08250e86b43d56d9873df148a", size = 305452 },
    { url = "https://files.pythonhosted.org/packages/02/74/2ecfb35a0f2a213444e194e42114b2b2d58f227b6d4607d9b2ca52b53256/PyQt6_sip-13.9.1-cp310-cp310-manylinux_2_5_x86_64.manylinux1_x86_64.whl", hash = "sha256:22d66256b800f552ade51a463510bf905f3cb318aae00ff4288fae4de5d0e600", size = 285032 },
    { url = "https://files.pythonhosted.org/packages/d4/46/242314ecc43920c9d91fe78c6e48ca65c851b7370b93cb4510ed761aba51/PyQt6_sip-13.9.1-cp310-cp310-win_amd64.whl", hash = "sha256:5643c92424fe62cb0b33378fef3d28c1525f91ada79e8a15bd9a05414a09503d", size = 53366 },
    { url = "https://files.pythonhosted.org/packages/73/07/342ea1c95367d714eb86ae4b2159798347b80535dcba6c7f60256fc7c5e5/PyQt6_sip-13.9.1-cp311-cp311-macosx_10_9_universal2.whl", hash = "sha256:57b5312ef13c1766bdf69b317041140b184eb24a51e1e23ce8fc5386ba8dffb2", size = 110717 },
    { url = "https://files.pythonhosted.org/packages/89/f2/13159c98929d2dec84cb98021a8de9e66e9429ebe44be08476779130af25/PyQt6_sip-13.9.1-cp311-cp311-manylinux_2_17_aarch64.manylinux2014_aarch64.whl", hash = "sha256:5004514b08b045ad76425cf3618187091a668d972b017677b1b4b193379ef553", size = 316880 },
    { url = "https://files.pythonhosted.org/packages/76/92/47fc35401d7f192bd690ed3552242909c6e77db5a97d8b2d980a948400fe/PyQt6_sip-13.9.1-cp311-cp311-manylinux_2_5_x86_64.manylinux1_x86_64.whl", hash = "sha256:accab6974b2758296400120fdcc9d1f37785b2ea2591f00656e1776f058ded6c", size = 294518 },
    { url = "https://files.pythonhosted.org/packages/39/7c/3c775c219d9c17bda783e1dbab1d16f09f7713b93920f761d2cc61aa3ad0/PyQt6_sip-13.9.1-cp311-cp311-win_amd64.whl", hash = "sha256:1ec52e962f54137a19208b6e95b6bd9f7a403eb25d7237768a99306cd9db26d1", size = 53368 },
    { url = "https://files.pythonhosted.org/packages/81/bf/0700d0f5832e6e54ec56dbbdc912c63662ae54d1571f3241377b5acb37fa/PyQt6_sip-13.9.1-cp311-cp311-win_arm64.whl", hash = "sha256:6e6c1e2592187934f4e790c0c099d0033e986dcef7bdd3c06e3895ffa995e9fc", size = 45013 },
    { url = "https://files.pythonhosted.org/packages/34/19/6df209c4f1a3fbae0a90c8f37b0205ce42d61d8d762e4a539fceeabee340/PyQt6_sip-13.9.1-cp312-cp312-macosx_10_9_universal2.whl", hash = "sha256:1fb405615970e85b622b13b4cad140ff1e4182eb8334a0b27a4698e6217b89b0", size = 112248 },
    { url = "https://files.pythonhosted.org/packages/6b/81/9df86e90a8dd1f6f5faa1199af03e208f5dd3193e462e541e276001d098c/PyQt6_sip-13.9.1-cp312-cp312-manylinux_2_17_aarch64.manylinux2014_aarch64.whl", hash = "sha256:c800db3464481e87b1d2b84523b075df1e8fc7856c6f9623dc243f89be1cb604", size = 322310 },
    { url = "https://files.pythonhosted.org/packages/dd/4d/e263f045c97c2398fbd762d07295140b628a611da5f37744324080a86a1d/PyQt6_sip-13.9.1-cp312-cp312-manylinux_2_5_x86_64.manylinux1_x86_64.whl", hash = "sha256:c1942e107b0243ced9e510d507e0f27aeea9d6b13e0a1b7c06fd52a62e0d41f7", size = 303638 },
    { url = "https://files.pythonhosted.org/packages/28/9f/047a3b28265b39ff151981da84fde7895b87b94131db4b044a6125df9a4a/PyQt6_sip-13.9.1-cp312-cp312-win_amd64.whl", hash = "sha256:552ff8fdc41f5769d3eccc661f022ed496f55f6e0a214c20aaf56e56385d61b6", size = 53498 },
    { url = "https://files.pythonhosted.org/packages/92/af/17a92b67db31a086bd693bf97d98aa2f45427e7982df53f59cdc26899979/PyQt6_sip-13.9.1-cp312-cp312-win_arm64.whl", hash = "sha256:976c7758f668806d4df7a8853f390ac123d5d1f73591ed368bdb8963574ff589", size = 45335 },
    { url = "https://files.pythonhosted.org/packages/4b/10/43eab7a9cd26f3ba81220f2ec7a7c471c232df738dd5787affcc00d75aa9/PyQt6_sip-13.9.1-cp313-cp313-macosx_10_13_universal2.whl", hash = "sha256:56ce0afb19cd8a8c63ff93ae506dffb74f844b88adaa6673ebc0dec43af48a76", size = 112278 },
    { url = "https://files.pythonhosted.org/packages/31/ba/b0cb5ad4d44265213d50b8e7b24a9c1605baf242019e51104dd87499d68f/PyQt6_sip-13.9.1-cp313-cp313-manylinux_2_17_aarch64.manylinux2014_aarch64.whl", hash = "sha256:5d7726556d1ca7a7ed78e19ba53285b64a2a8f6ad7ff4cb18a1832efca1a3102", size = 322531 },
    { url = "https://files.pythonhosted.org/packages/ba/73/556391d6115e87972d8c88b757b4db614af4fb8579ce28030965fe793fe7/PyQt6_sip-13.9.1-cp313-cp313-manylinux_2_5_x86_64.manylinux1_x86_64.whl", hash = "sha256:14f95c6352e3b85dc26bf59cfbf77a470ecbd5fcdcf00af4b648f0e1b9eefb9e", size = 303760 },
    { url = "https://files.pythonhosted.org/packages/d8/5b/7321bb2564673bc4facfed338553bc42542f2ae05cbea1c8b57a596ab28d/PyQt6_sip-13.9.1-cp313-cp313-win_amd64.whl", hash = "sha256:3c269052c770c09b61fce2f2f9ea934a67dfc65f443d59629b4ccc8f89751890", size = 53509 },
    { url = "https://files.pythonhosted.org/packages/cf/b6/eabe1d0fdcc56c80325c5a2cc361ae3e57b3346cb7700b707481d3977a24/PyQt6_sip-13.9.1-cp313-cp313-win_arm64.whl", hash = "sha256:8b2ac36d6e04db6099614b9c1178a2f87788c7ffc3826571fb63d36ddb4c401d", size = 45358 },
    { url = "https://files.pythonhosted.org/packages/52/69/f236d2c93d049bba97ebd5ecd0fd73bb0afa0b48344e4cd1d99adcd8ca69/PyQt6_sip-13.9.1-cp39-cp39-macosx_10_9_universal2.whl", hash = "sha256:69a879cfc94f4984d180321b76f52923861cd5bf4969aa885eef7591ee932517", size = 110701 },
    { url = "https://files.pythonhosted.org/packages/be/6d/784be4a20aec7077a300ea94ff44c91673371f7655f8789dcb71c6db64d6/PyQt6_sip-13.9.1-cp39-cp39-manylinux_2_17_aarch64.manylinux2014_aarch64.whl", hash = "sha256:fa27b51ae4c7013b3700cf0ecf46907d1333ae396fc6511311920485cbce094b", size = 302692 },
    { url = "https://files.pythonhosted.org/packages/e0/7b/6ce677bac6fcd108d1fa51b8c84b405fdd25c2bf6787c14305c3f6e04efe/PyQt6_sip-13.9.1-cp39-cp39-manylinux_2_5_x86_64.manylinux1_x86_64.whl", hash = "sha256:1d322ded1d1fea339cc6ac65b768e72c69c486eebb7db6ccde061b5786d74cc5", size = 281920 },
    { url = "https://files.pythonhosted.org/packages/60/87/78a08ffcb191b2eaa74b3d252b48a65ba470cb173a770e681274474094ab/PyQt6_sip-13.9.1-cp39-cp39-win_amd64.whl", hash = "sha256:8c207528992d59b0801458aa6fcff118e5c099608ef0fc6ff8bccbdc23f29c04", size = 53605 },
]

[[package]]
name = "pyqtgraph"
version = "0.13.7"
source = { registry = "https://pypi.org/simple" }
dependencies = [
    { name = "numpy" },
]
sdist = { url = "https://files.pythonhosted.org/packages/33/d9/b62d5cddb3caa6e5145664bee5ed90223dee23ca887ed3ee479f2609e40a/pyqtgraph-0.13.7.tar.gz", hash = "sha256:64f84f1935c6996d0e09b1ee66fe478a7771e3ca6f3aaa05f00f6e068321d9e3", size = 2343380 }
wheels = [
    { url = "https://files.pythonhosted.org/packages/7b/34/5702b3b7cafe99be1d94b42f100e8cc5e6957b761fcb1cf5f72d492851da/pyqtgraph-0.13.7-py3-none-any.whl", hash = "sha256:7754edbefb6c367fa0dfb176e2d0610da3ada20aa7a5318516c74af5fb72bf7a", size = 1925473 },
]
